{
  "version": 4,
  "terraform_version": "1.11.4",
  "serial": 14,
  "lineage": "6ae16828-70b8-8290-bcd6-74859c20f74c",
  "outputs": {},
  "resources": [
    {
      "mode": "managed",
      "type": "aws_key_pair",
      "name": "mykey",
      "provider": "provider[\"registry.terraform.io/hashicorp/aws\"]",
      "instances": [
        {
          "schema_version": 1,
          "attributes": {
            "arn": "arn:aws:ec2:eu-north-1:877116715687:key-pair/mykey",
            "fingerprint": "33:3a:4a:61:6c:e8:0a:89:82:a4:f1:b9:39:f5:d9:4f",
            "id": "mykey",
            "key_name": "mykey",
            "key_name_prefix": "",
            "key_pair_id": "key-0c6473478ee64c913",
            "key_type": "rsa",
            "public_key": "ssh-rsa AAAAB3NzaC1yc2EAAAADAQABAAABAQDka3S6xn4rrUeh3N2uDru7olldydum9gpZXyW1JWJxzi9tkXKT7qHz1M8cNInxnbVQps+vTuxDyiJbjcFDh8xvkt39DIATAgmC/HdcFYznBs+lxLOmIAzhTJs0qC/ShLDRWeVXSIPXmUmpJ9FDtk+Rrh0dfNQ0EGak9ziOg3eE/noDDqSIWffXfcqHPdyi7vrr4i15awyFefPV3UqQNFfnops0W5fd7KrJG0/Oy1NRI/HrBTv2nlxc5RRIFIdMQ1e5vy/BWIPyvqQKAfRiZFWrBs9bpeoBJ5UaUSr6ucwWhJkJwhr6dixu3Hr0JjeufSVLyQ3j3Z4IyoYlESKHjsNl",
            "tags": {},
            "tags_all": {}
          },
          "sensitive_attributes": [],
          "private": "eyJzY2hlbWFfdmVyc2lvbiI6IjEifQ=="
        }
      ]
    },
    {
      "mode": "managed",
      "type": "aws_security_group",
      "name": "web_sg",
      "provider": "provider[\"registry.terraform.io/hashicorp/aws\"]",
      "instances": [
        {
          "schema_version": 1,
          "attributes": {
            "arn": "arn:aws:ec2:eu-north-1:877116715687:security-group/sg-00c2b982736ecd1b5",
            "description": "Allow HTTP",
            "egress": [
              {
                "cidr_blocks": [
                  "0.0.0.0/0"
                ],
                "description": "",
                "from_port": 0,
                "ipv6_cidr_blocks": [],
                "prefix_list_ids": [],
                "protocol": "-1",
                "security_groups": [],
                "self": false,
                "to_port": 0
              }
            ],
            "id": "sg-00c2b982736ecd1b5",
            "ingress": [
              {
                "cidr_blocks": [
                  "0.0.0.0/0"
                ],
                "description": "",
                "from_port": 80,
                "ipv6_cidr_blocks": [],
                "prefix_list_ids": [],
                "protocol": "tcp",
                "security_groups": [],
                "self": false,
                "to_port": 80
              }
            ],
            "name": "web-sg",
            "name_prefix": "",
            "owner_id": "877116715687",
            "revoke_rules_on_delete": false,
            "tags": {},
            "tags_all": {},
            "timeouts": null,
            "vpc_id": "vpc-0963f3343caff3700"
          },
          "sensitive_attributes": [],
          "private": "eyJlMmJmYjczMC1lY2FhLTExZTYtOGY4OC0zNDM2M2JjN2M0YzAiOnsiY3JlYXRlIjo2MDAwMDAwMDAwMDAsImRlbGV0ZSI6OTAwMDAwMDAwMDAwfSwic2NoZW1hX3ZlcnNpb24iOiIxIn0="
        }
      ]
    }
  ],
  "check_results": null
}
